
Microsoft Visual Studio Solution File, Format Version 12.00
# Visual Studio Version 16
VisualStudioVersion = 16.0.30104.148
MinimumVisualStudioVersion = 10.0.40219.1
Project("{FAE04EC0-301F-11D3-BF4B-00C04F79EFBC}") = "MultiBindingTest.UWP", "MultiBindingTest\MultiBindingTest.UWP\MultiBindingTest.UWP.csproj", "{F1462F9E-70AC-4E56-8532-7594F48D544D}"
EndProject
Project("{FAE04EC0-301F-11D3-BF4B-00C04F79EFBC}") = "MultiBindingTest.Android", "MultiBindingTest\MultiBindingTest.Android\MultiBindingTest.Android.csproj", "{09CAC445-C3FA-4843-91F6-68F55138548C}"
EndProject
Project("{FAE04EC0-301F-11D3-BF4B-00C04F79EFBC}") = "MultiBindingTest.iOS", "MultiBindingTest\MultiBindingTest.iOS\MultiBindingTest.iOS.csproj", "{7F6D56CC-90CD-4290-87D5-36C5ACA08D73}"
EndProject
Project("{FAE04EC0-301F-11D3-BF4B-00C04F79EFBC}") = "MultiBindingTest", "MultiBindingTest\MultiBindingTest\MultiBindingTest.csproj", "{2C431BAD-59FD-491E-A838-15B9707C9A44}"
EndProject
Global
	GlobalSection(SolutionConfigurationPlatforms) = preSolution
		Debug|Any CPU = Debug|Any CPU
		Debug|ARM = Debug|ARM
		Debug|iPhone = Debug|iPhone
		Debug|iPhoneSimulator = Debug|iPhoneSimulator
		Debug|x64 = Debug|x64
		Debug|x86 = Debug|x86
		Release|Any CPU = Release|Any CPU
		Release|ARM = Release|ARM
		Release|iPhone = Release|iPhone
		Release|iPhoneSimulator = Release|iPhoneSimulator
		Release|x64 = Release|x64
		Release|x86 = Release|x86
	EndGlobalSection
	GlobalSection(ProjectConfigurationPlatforms) = postSolution
		{F1462F9E-70AC-4E56-8532-7594F48D544D}.Debug|Any CPU.ActiveCfg = Debug|x86
		{F1462F9E-70AC-4E56-8532-7594F48D544D}.Debug|Any CPU.Build.0 = Debug|x86
		{F1462F9E-70AC-4E56-8532-7594F48D544D}.Debug|Any CPU.Deploy.0 = Debug|x86
		{F1462F9E-70AC-4E56-8532-7594F48D544D}.Debug|ARM.ActiveCfg = Debug|ARM
		{F1462F9E-70AC-4E56-8532-7594F48D544D}.Debug|ARM.Build.0 = Debug|ARM
		{F1462F9E-70AC-4E56-8532-7594F48D544D}.Debug|ARM.Deploy.0 = Debug|ARM
		{F1462F9E-70AC-4E56-8532-7594F48D544D}.Debug|iPhone.ActiveCfg = Debug|x86
		{F1462F9E-70AC-4E56-8532-7594F48D544D}.Debug|iPhone.Build.0 = Debug|x86
		{F1462F9E-70AC-4E56-8532-7594F48D544D}.Debug|iPhone.Deploy.0 = Debug|x86
		{F1462F9E-70AC-4E56-8532-7594F48D544D}.Debug|iPhoneSimulator.ActiveCfg = Debug|x86
		{F1462F9E-70AC-4E56-8532-7594F48D544D}.Debug|iPhoneSimulator.Build.0 = Debug|x86
		{F1462F9E-70AC-4E56-8532-7594F48D544D}.Debug|iPhoneSimulator.Deploy.0 = Debug|x86
		{F1462F9E-70AC-4E56-8532-7594F48D544D}.Debug|x64.ActiveCfg = Debug|x64
		{F1462F9E-70AC-4E56-8532-7594F48D544D}.Debug|x64.Build.0 = Debug|x64
		{F1462F9E-70AC-4E56-8532-7594F48D544D}.Debug|x64.Deploy.0 = Debug|x64
		{F1462F9E-70AC-4E56-8532-7594F48D544D}.Debug|x86.ActiveCfg = Debug|x86
		{F1462F9E-70AC-4E56-8532-7594F48D544D}.Debug|x86.Build.0 = Debug|x86
		{F1462F9E-70AC-4E56-8532-7594F48D544D}.Debug|x86.Deploy.0 = Debug|x86
		{F1462F9E-70AC-4E56-8532-7594F48D544D}.Release|Any CPU.ActiveCfg = Release|x86
		{F1462F9E-70AC-4E56-8532-7594F48D544D}.Release|Any CPU.Build.0 = Release|x86
		{F1462F9E-70AC-4E56-8532-7594F48D544D}.Release|Any CPU.Deploy.0 = Release|x86
		{F1462F9E-70AC-4E56-8532-7594F48D544D}.Release|ARM.ActiveCfg = Release|ARM
		{F1462F9E-70AC-4E56-8532-7594F48D544D}.Release|ARM.Build.0 = Release|ARM
		{F1462F9E-70AC-4E56-8532-7594F48D544D}.Release|ARM.Deploy.0 = Release|ARM
		{F1462F9E-70AC-4E56-8532-7594F48D544D}.Release|iPhone.ActiveCfg = Release|x86
		{F1462F9E-70AC-4E56-8532-7594F48D544D}.Release|iPhone.Build.0 = Release|x86
		{F1462F9E-70AC-4E56-8532-7594F48D544D}.Release|iPhone.Deploy.0 = Release|x86
		{F1462F9E-70AC-4E56-8532-7594F48D544D}.Release|iPhoneSimulator.ActiveCfg = Release|x86
		{F1462F9E-70AC-4E56-8532-7594F48D544D}.Release|iPhoneSimulator.Build.0 = Release|x86
		{F1462F9E-70AC-4E56-8532-7594F48D544D}.Release|iPhoneSimulator.Deploy.0 = Release|x86
		{F1462F9E-70AC-4E56-8532-7594F48D544D}.Release|x64.ActiveCfg = Release|x64
		{F1462F9E-70AC-4E56-8532-7594F48D544D}.Release|x64.Build.0 = Release|x64
		{F1462F9E-70AC-4E56-8532-7594F48D544D}.Release|x64.Deploy.0 = Release|x64
		{F1462F9E-70AC-4E56-8532-7594F48D544D}.Release|x86.ActiveCfg = Release|x86
		{F1462F9E-70AC-4E56-8532-7594F48D544D}.Release|x86.Build.0 = Release|x86
		{F1462F9E-70AC-4E56-8532-7594F48D544D}.Release|x86.Deploy.0 = Release|x86
		{09CAC445-C3FA-4843-91F6-68F55138548C}.Debug|Any CPU.ActiveCfg = Debug|Any CPU
		{09CAC445-C3FA-4843-91F6-68F55138548C}.Debug|Any CPU.Build.0 = Debug|Any CPU
		{09CAC445-C3FA-4843-91F6-68F55138548C}.Debug|Any CPU.Deploy.0 = Debug|Any CPU
		{09CAC445-C3FA-4843-91F6-68F55138548C}.Debug|ARM.ActiveCfg = Debug|Any CPU
		{09CAC445-C3FA-4843-91F6-68F55138548C}.Debug|ARM.Build.0 = Debug|Any CPU
		{09CAC445-C3FA-4843-91F6-68F55138548C}.Debug|ARM.Deploy.0 = Debug|Any CPU
		{09CAC445-C3FA-4843-91F6-68F55138548C}.Debug|iPhone.ActiveCfg = Debug|Any CPU
		{09CAC445-C3FA-4843-91F6-68F55138548C}.Debug|iPhone.Build.0 = Debug|Any CPU
		{09CAC445-C3FA-4843-91F6-68F55138548C}.Debug|iPhone.Deploy.0 = Debug|Any CPU
		{09CAC445-C3FA-4843-91F6-68F55138548C}.Debug|iPhoneSimulator.ActiveCfg = Debug|Any CPU
		{09CAC445-C3FA-4843-91F6-68F55138548C}.Debug|iPhoneSimulator.Build.0 = Debug|Any CPU
		{09CAC445-C3FA-4843-91F6-68F55138548C}.Debug|iPhoneSimulator.Deploy.0 = Debug|Any CPU
		{09CAC445-C3FA-4843-91F6-68F55138548C}.Debug|x64.ActiveCfg = Debug|Any CPU
		{09CAC445-C3FA-4843-91F6-68F55138548C}.Debug|x64.Build.0 = Debug|Any CPU
		{09CAC445-C3FA-4843-91F6-68F55138548C}.Debug|x64.Deploy.0 = Debug|Any CPU
		{09CAC445-C3FA-4843-91F6-68F55138548C}.Debug|x86.ActiveCfg = Debug|Any CPU
		{09CAC445-C3FA-4843-91F6-68F55138548C}.Debug|x86.Build.0 = Debug|Any CPU
		{09CAC445-C3FA-4843-91F6-68F55138548C}.Debug|x86.Deploy.0 = Debug|Any CPU
		{09CAC445-C3FA-4843-91F6-68F55138548C}.Release|Any CPU.ActiveCfg = Release|Any CPU
		{09CAC445-C3FA-4843-91F6-68F55138548C}.Release|Any CPU.Build.0 = Release|Any CPU
		{09CAC445-C3FA-4843-91F6-68F55138548C}.Release|Any CPU.Deploy.0 = Release|Any CPU
		{09CAC445-C3FA-4843-91F6-68F55138548C}.Release|ARM.ActiveCfg = Release|Any CPU
		{09CAC445-C3FA-4843-91F6-68F55138548C}.Release|ARM.Build.0 = Release|Any CPU
		{09CAC445-C3FA-4843-91F6-68F55138548C}.Release|ARM.Deploy.0 = Release|Any CPU
		{09CAC445-C3FA-4843-91F6-68F55138548C}.Release|iPhone.ActiveCfg = Release|Any CPU
		{09CAC445-C3FA-4843-91F6-68F55138548C}.Release|iPhone.Build.0 = Release|Any CPU
		{09CAC445-C3FA-4843-91F6-68F55138548C}.Release|iPhone.Deploy.0 = Release|Any CPU
		{09CAC445-C3FA-4843-91F6-68F55138548C}.Release|iPhoneSimulator.ActiveCfg = Release|Any CPU
		{09CAC445-C3FA-4843-91F6-68F55138548C}.Release|iPhoneSimulator.Build.0 = Release|Any CPU
		{09CAC445-C3FA-4843-91F6-68F55138548C}.Release|iPhoneSimulator.Deploy.0 = Release|Any CPU
		{09CAC445-C3FA-4843-91F6-68F55138548C}.Release|x64.ActiveCfg = Release|Any CPU
		{09CAC445-C3FA-4843-91F6-68F55138548C}.Release|x64.Build.0 = Release|Any CPU
		{09CAC445-C3FA-4843-91F6-68F55138548C}.Release|x64.Deploy.0 = Release|Any CPU
		{09CAC445-C3FA-4843-91F6-68F55138548C}.Release|x86.ActiveCfg = Release|Any CPU
		{09CAC445-C3FA-4843-91F6-68F55138548C}.Release|x86.Build.0 = Release|Any CPU
		{09CAC445-C3FA-4843-91F6-68F55138548C}.Release|x86.Deploy.0 = Release|Any CPU
		{7F6D56CC-90CD-4290-87D5-36C5ACA08D73}.Debug|Any CPU.ActiveCfg = Debug|iPhone
		{7F6D56CC-90CD-4290-87D5-36C5ACA08D73}.Debug|Any CPU.Build.0 = Debug|iPhone
		{7F6D56CC-90CD-4290-87D5-36C5ACA08D73}.Debug|Any CPU.Deploy.0 = Debug|iPhone
		{7F6D56CC-90CD-4290-87D5-36C5ACA08D73}.Debug|ARM.ActiveCfg = Debug|iPhone
		{7F6D56CC-90CD-4290-87D5-36C5ACA08D73}.Debug|ARM.Build.0 = Debug|iPhone
		{7F6D56CC-90CD-4290-87D5-36C5ACA08D73}.Debug|ARM.Deploy.0 = Debug|iPhone
		{7F6D56CC-90CD-4290-87D5-36C5ACA08D73}.Debug|iPhone.ActiveCfg = Debug|iPhone
		{7F6D56CC-90CD-4290-87D5-36C5ACA08D73}.Debug|iPhone.Build.0 = Debug|iPhone
		{7F6D56CC-90CD-4290-87D5-36C5ACA08D73}.Debug|iPhone.Deploy.0 = Debug|iPhone
		{7F6D56CC-90CD-4290-87D5-36C5ACA08D73}.Debug|iPhoneSimulator.ActiveCfg = Debug|iPhoneSimulator
		{7F6D56CC-90CD-4290-87D5-36C5ACA08D73}.Debug|iPhoneSimulator.Build.0 = Debug|iPhoneSimulator
		{7F6D56CC-90CD-4290-87D5-36C5ACA08D73}.Debug|iPhoneSimulator.Deploy.0 = Debug|iPhoneSimulator
		{7F6D56CC-90CD-4290-87D5-36C5ACA08D73}.Debug|x64.ActiveCfg = Debug|iPhone
		{7F6D56CC-90CD-4290-87D5-36C5ACA08D73}.Debug|x64.Build.0 = Debug|iPhone
		{7F6D56CC-90CD-4290-87D5-36C5ACA08D73}.Debug|x64.Deploy.0 = Debug|iPhone
		{7F6D56CC-90CD-4290-87D5-36C5ACA08D73}.Debug|x86.ActiveCfg = Debug|iPhone
		{7F6D56CC-90CD-4290-87D5-36C5ACA08D73}.Debug|x86.Build.0 = Debug|iPhone
		{7F6D56CC-90CD-4290-87D5-36C5ACA08D73}.Debug|x86.Deploy.0 = Debug|iPhone
		{7F6D56CC-90CD-4290-87D5-36C5ACA08D73}.Release|Any CPU.ActiveCfg = Release|iPhone
		{7F6D56CC-90CD-4290-87D5-36C5ACA08D73}.Release|Any CPU.Build.0 = Release|iPhone
		{7F6D56CC-90CD-4290-87D5-36C5ACA08D73}.Release|Any CPU.Deploy.0 = Release|iPhone
		{7F6D56CC-90CD-4290-87D5-36C5ACA08D73}.Release|ARM.ActiveCfg = Release|iPhone
		{7F6D56CC-90CD-4290-87D5-36C5ACA08D73}.Release|ARM.Build.0 = Release|iPhone
		{7F6D56CC-90CD-4290-87D5-36C5ACA08D73}.Release|ARM.Deploy.0 = Release|iPhone
		{7F6D56CC-90CD-4290-87D5-36C5ACA08D73}.Release|iPhone.ActiveCfg = Release|iPhone
		{7F6D56CC-90CD-4290-87D5-36C5ACA08D73}.Release|iPhone.Build.0 = Release|iPhone
		{7F6D56CC-90CD-4290-87D5-36C5ACA08D73}.Release|iPhone.Deploy.0 = Release|iPhone
		{7F6D56CC-90CD-4290-87D5-36C5ACA08D73}.Release|iPhoneSimulator.ActiveCfg = Release|iPhoneSimulator
		{7F6D56CC-90CD-4290-87D5-36C5ACA08D73}.Release|iPhoneSimulator.Build.0 = Release|iPhoneSimulator
		{7F6D56CC-90CD-4290-87D5-36C5ACA08D73}.Release|iPhoneSimulator.Deploy.0 = Release|iPhoneSimulator
		{7F6D56CC-90CD-4290-87D5-36C5ACA08D73}.Release|x64.ActiveCfg = Release|iPhone
		{7F6D56CC-90CD-4290-87D5-36C5ACA08D73}.Release|x64.Build.0 = Release|iPhone
		{7F6D56CC-90CD-4290-87D5-36C5ACA08D73}.Release|x64.Deploy.0 = Release|iPhone
		{7F6D56CC-90CD-4290-87D5-36C5ACA08D73}.Release|x86.ActiveCfg = Release|iPhone
		{7F6D56CC-90CD-4290-87D5-36C5ACA08D73}.Release|x86.Build.0 = Release|iPhone
		{7F6D56CC-90CD-4290-87D5-36C5ACA08D73}.Release|x86.Deploy.0 = Release|iPhone
		{2C431BAD-59FD-491E-A838-15B9707C9A44}.Debug|Any CPU.ActiveCfg = Debug|Any CPU
		{2C431BAD-59FD-491E-A838-15B9707C9A44}.Debug|Any CPU.Build.0 = Debug|Any CPU
		{2C431BAD-59FD-491E-A838-15B9707C9A44}.Debug|Any CPU.Deploy.0 = Debug|Any CPU
		{2C431BAD-59FD-491E-A838-15B9707C9A44}.Debug|ARM.ActiveCfg = Debug|Any CPU
		{2C431BAD-59FD-491E-A838-15B9707C9A44}.Debug|ARM.Build.0 = Debug|Any CPU
		{2C431BAD-59FD-491E-A838-15B9707C9A44}.Debug|ARM.Deploy.0 = Debug|Any CPU
		{2C431BAD-59FD-491E-A838-15B9707C9A44}.Debug|iPhone.ActiveCfg = Debug|Any CPU
		{2C431BAD-59FD-491E-A838-15B9707C9A44}.Debug|iPhone.Build.0 = Debug|Any CPU
		{2C431BAD-59FD-491E-A838-15B9707C9A44}.Debug|iPhone.Deploy.0 = Debug|Any CPU
		{2C431BAD-59FD-491E-A838-15B9707C9A44}.Debug|iPhoneSimulator.ActiveCfg = Debug|Any CPU
		{2C431BAD-59FD-491E-A838-15B9707C9A44}.Debug|iPhoneSimulator.Build.0 = Debug|Any CPU
		{2C431BAD-59FD-491E-A838-15B9707C9A44}.Debug|iPhoneSimulator.Deploy.0 = Debug|Any CPU
		{2C431BAD-59FD-491E-A838-15B9707C9A44}.Debug|x64.ActiveCfg = Debug|Any CPU
		{2C431BAD-59FD-491E-A838-15B9707C9A44}.Debug|x64.Build.0 = Debug|Any CPU
		{2C431BAD-59FD-491E-A838-15B9707C9A44}.Debug|x64.Deploy.0 = Debug|Any CPU
		{2C431BAD-59FD-491E-A838-15B9707C9A44}.Debug|x86.ActiveCfg = Debug|Any CPU
		{2C431BAD-59FD-491E-A838-15B9707C9A44}.Debug|x86.Build.0 = Debug|Any CPU
		{2C431BAD-59FD-491E-A838-15B9707C9A44}.Debug|x86.Deploy.0 = Debug|Any CPU
		{2C431BAD-59FD-491E-A838-15B9707C9A44}.Release|Any CPU.ActiveCfg = Release|Any CPU
		{2C431BAD-59FD-491E-A838-15B9707C9A44}.Release|Any CPU.Build.0 = Release|Any CPU
		{2C431BAD-59FD-491E-A838-15B9707C9A44}.Release|Any CPU.Deploy.0 = Release|Any CPU
		{2C431BAD-59FD-491E-A838-15B9707C9A44}.Release|ARM.ActiveCfg = Release|Any CPU
		{2C431BAD-59FD-491E-A838-15B9707C9A44}.Release|ARM.Build.0 = Release|Any CPU
		{2C431BAD-59FD-491E-A838-15B9707C9A44}.Release|ARM.Deploy.0 = Release|Any CPU
		{2C431BAD-59FD-491E-A838-15B9707C9A44}.Release|iPhone.ActiveCfg = Release|Any CPU
		{2C431BAD-59FD-491E-A838-15B9707C9A44}.Release|iPhone.Build.0 = Release|Any CPU
		{2C431BAD-59FD-491E-A838-15B9707C9A44}.Release|iPhone.Deploy.0 = Release|Any CPU
		{2C431BAD-59FD-491E-A838-15B9707C9A44}.Release|iPhoneSimulator.ActiveCfg = Release|Any CPU
		{2C431BAD-59FD-491E-A838-15B9707C9A44}.Release|iPhoneSimulator.Build.0 = Release|Any CPU
		{2C431BAD-59FD-491E-A838-15B9707C9A44}.Release|iPhoneSimulator.Deploy.0 = Release|Any CPU
		{2C431BAD-59FD-491E-A838-15B9707C9A44}.Release|x64.ActiveCfg = Release|Any CPU
		{2C431BAD-59FD-491E-A838-15B9707C9A44}.Release|x64.Build.0 = Release|Any CPU
		{2C431BAD-59FD-491E-A838-15B9707C9A44}.Release|x64.Deploy.0 = Release|Any CPU
		{2C431BAD-59FD-491E-A838-15B9707C9A44}.Release|x86.ActiveCfg = Release|Any CPU
		{2C431BAD-59FD-491E-A838-15B9707C9A44}.Release|x86.Build.0 = Release|Any CPU
		{2C431BAD-59FD-491E-A838-15B9707C9A44}.Release|x86.Deploy.0 = Release|Any CPU
	EndGlobalSection
	GlobalSection(SolutionProperties) = preSolution
		HideSolutionNode = FALSE
	EndGlobalSection
	GlobalSection(ExtensibilityGlobals) = postSolution
		SolutionGuid = {AD3E75DE-0838-4C41-B716-C02281E0565F}
	EndGlobalSection
EndGlobal
